
Microsoft Visual Studio Solution File, Format Version 12.00
# Visual Studio Version 16
VisualStudioVersion = 16.0.29519.87
MinimumVisualStudioVersion = 10.0.40219.1
Project("{FAE04EC0-301F-11D3-BF4B-00C04F79EFBC}") = "OnlineVotingSystemForCollege", "OnlineVotingSystemForCollege\OnlineVotingSystemForCollege.csproj", "{19EEA430-895F-46A5-81EE-777A778AD2F4}"
EndProject
Global
	GlobalSection(SolutionConfigurationPlatforms) = preSolution
		Debug|Any CPU = Debug|Any CPU
		Release|Any CPU = Release|Any CPU
	EndGlobalSection
	GlobalSection(ProjectConfigurationPlatforms) = postSolution
		{19EEA430-895F-46A5-81EE-777A778AD2F4}.Debug|Any CPU.ActiveCfg = Debug|Any CPU
		{19EEA430-895F-46A5-81EE-777A778AD2F4}.Debug|Any CPU.Build.0 = Debug|Any CPU
		{19EEA430-895F-46A5-81EE-777A778AD2F4}.Release|Any CPU.ActiveCfg = Release|Any CPU
		{19EEA430-895F-46A5-81EE-777A778AD2F4}.Release|Any CPU.Build.0 = Release|Any CPU
	EndGlobalSection
	GlobalSection(SolutionProperties) = preSolution
		HideSolutionNode = FALSE
	EndGlobalSection
	GlobalSection(ExtensibilityGlobals) = postSolution
		SolutionGuid = {B56BEE16-59D2-48AC-926A-F502F6D737F2}
	EndGlobalSection
EndGlobal
